{
  "name": "trial-bayes-consistency",
  "lockfileVersion": 3,
  "requires": true,
  "packages": {
    "": {
      "dependencies": {
        "@openrouter/sdk": "^0.10.2"
      }
    },
    "node_modules/@openrouter/sdk": {
      "version": "0.10.2",
      "resolved": "https://registry.npmjs.org/@openrouter/sdk/-/sdk-0.10.2.tgz",
      "integrity": "sha512-od0aWkk+vhndEI78YyPvPgMxv2+32KO4MRrk8lFxro/YABKAHkozXugc+x3YeNf/d9KQaBO6M4Rut1uf+yeD2g==",
      "hasInstallScript": true,
      "license": "Apache-2.0",
      "dependencies": {
        "zod": "^3.25.0 || ^4.0.0"
      }
    },
    "node_modules/zod": {
      "version": "4.3.6",
      "resolved": "https://registry.npmjs.org/zod/-/zod-4.3.6.tgz",
      "integrity": "sha512-rftlrkhHZOcjDwkGlnUtZZkvaPHCsDATp4pGpuOOMDaTdDDXF91wuVDJoWoPsKX/3YPQ5fHuF3STjcYyKr+Qhg==",
      "license": "MIT",
      "funding": {
        "url": "https://github.com/sponsors/colinhacks"
      }
    }
  }
}
